Microsoft Visual Studio Solution File, Format Version 12.00
# Visual Studio 15
VisualStudioVersion = 15.0.26430.6
MinimumVisualStudioVersion = 10.0.40219.1
Project("{FAE04EC0-301F-11D3-BF4B-00C04F79EFBC}") = "Vergil", "src\Vergil\Vergil.csproj", "{8288F12E-0860-43A0-AC47-84975FEF573A}"
EndProject
Project("{FAE04EC0-301F-11D3-BF4B-00C04F79EFBC}") = "Vergil.Tests", "src\Vergil.Tests\Vergil.Tests.csproj", "{412A92ED-037E-419A-A72B-38AF3C4A4C77}"
EndProject
Global
	GlobalSection(SolutionConfigurationPlatforms) = preSolution
		Debug|Any CPU = Debug|Any CPU
		Release|Any CPU = Release|Any CPU
	EndGlobalSection
	GlobalSection(ProjectConfigurationPlatforms) = postSolution
		{8288F12E-0860-43A0-AC47-84975FEF573A}.Debug|Any CPU.ActiveCfg = Debug|Any CPU
		{8288F12E-0860-43A0-AC47-84975FEF573A}.Debug|Any CPU.Build.0 = Debug|Any CPU
		{8288F12E-0860-43A0-AC47-84975FEF573A}.Release|Any CPU.ActiveCfg = Release|Any CPU
		{8288F12E-0860-43A0-AC47-84975FEF573A}.Release|Any CPU.Build.0 = Release|Any CPU
		{412A92ED-037E-419A-A72B-38AF3C4A4C77}.Debug|Any CPU.ActiveCfg = Debug|Any CPU
		{412A92ED-037E-419A-A72B-38AF3C4A4C77}.Debug|Any CPU.Build.0 = Debug|Any CPU
		{412A92ED-037E-419A-A72B-38AF3C4A4C77}.Release|Any CPU.ActiveCfg = Release|Any CPU
		{412A92ED-037E-419A-A72B-38AF3C4A4C77}.Release|Any CPU.Build.0 = Release|Any CPU
	EndGlobalSection
	GlobalSection(SolutionProperties) = preSolution
		HideSolutionNode = FALSE
	EndGlobalSection
	GlobalSection(ExtensibilityGlobals) = postSolution
		SolutionGuid = {9C2F7842-837E-4136-A998-71F23682C71C}
	EndGlobalSection
EndGlobal
