<Solution>
  <Project Path="src/Vergil.Example/Vergil.Example.csproj" Id="e209b301-7272-46e4-b1c0-6fe2b11cea80" />
  <Project Path="src/Vergil.Simple/Vergil.Simple.csproj" />
  <Project Path="src/Vergil.Tests/Vergil.Tests.csproj" />
  <Project Path="src/Vergil.Tool/Vergil.Tool.csproj" Id="7398f50a-d87d-4a61-b90d-b6079cc24876" />
  <Project Path="src/Vergil/Vergil.csproj" />
</Solution>
